
Microsoft Visual Studio Solution File, Format Version 12.00
# Visual Studio 2013
VisualStudioVersion = 12.0.30501.0
MinimumVisualStudioVersion = 10.0.40219.1
Project("{FAE04EC0-301F-11D3-BF4B-00C04F79EFBC}") = "BreakingBad", "BreakingBad\BreakingBad.csproj", "{056E1B5A-2B49-4DFB-8B80-08A6B1996412}"
EndProject
Project("{FAE04EC0-301F-11D3-BF4B-00C04F79EFBC}") = "BreakingBad.Web", "BreakingBad.Web\BreakingBad.Web.csproj", "{7D82EAE3-13B1-45B9-8750-074326BAF841}"
EndProject
Global
	GlobalSection(SolutionConfigurationPlatforms) = preSolution
		Debug|Any CPU = Debug|Any CPU
		Release|Any CPU = Release|Any CPU
	EndGlobalSection
	GlobalSection(ProjectConfigurationPlatforms) = postSolution
		{056E1B5A-2B49-4DFB-8B80-08A6B1996412}.Debug|Any CPU.ActiveCfg = Debug|Any CPU
		{056E1B5A-2B49-4DFB-8B80-08A6B1996412}.Debug|Any CPU.Build.0 = Debug|Any CPU
		{056E1B5A-2B49-4DFB-8B80-08A6B1996412}.Release|Any CPU.ActiveCfg = Release|Any CPU
		{056E1B5A-2B49-4DFB-8B80-08A6B1996412}.Release|Any CPU.Build.0 = Release|Any CPU
		{7D82EAE3-13B1-45B9-8750-074326BAF841}.Debug|Any CPU.ActiveCfg = Debug|Any CPU
		{7D82EAE3-13B1-45B9-8750-074326BAF841}.Debug|Any CPU.Build.0 = Debug|Any CPU
		{7D82EAE3-13B1-45B9-8750-074326BAF841}.Release|Any CPU.ActiveCfg = Release|Any CPU
		{7D82EAE3-13B1-45B9-8750-074326BAF841}.Release|Any CPU.Build.0 = Release|Any CPU
	EndGlobalSection
	GlobalSection(SolutionProperties) = preSolution
		HideSolutionNode = FALSE
	EndGlobalSection
EndGlobal
